{
  "requires": true,
  "lockfileVersion": 1,
  "dependencies": {
    "gitbook-plugin-collapsible-menu": {
      "version": "1.0.3",
      "resolved": "https://registry.npmjs.org/gitbook-plugin-collapsible-menu/-/gitbook-plugin-collapsible-menu-1.0.3.tgz",
      "integrity": "sha1-bSdlFouqplmeAtFdeKimfMgQgos="
    },
    "gitbook-plugin-insert-logo-link": {
      "version": "1.0.1",
      "resolved": "https://registry.npmjs.org/gitbook-plugin-insert-logo-link/-/gitbook-plugin-insert-logo-link-1.0.1.tgz",
      "integrity": "sha512-nRvJkrldWWOEUK7Sl/WPB81rqvBdXQjZ9Jad7UGIIVlhE+XNQu3fzYWjeSWPZDHCdBXwRLORKxhC3kp++WKyuw=="
    },
    "gitbook-plugin-printlinks": {
      "version": "0.3.0",
      "resolved": "https://registry.npmjs.org/gitbook-plugin-printlinks/-/gitbook-plugin-printlinks-0.3.0.tgz",
      "integrity": "sha1-IF4t+LkcsIo1cEkx5XbUvYNtppA="
    },
    "gitbook-plugin-splitter": {
      "version": "0.0.8",
      "resolved": "https://registry.npmjs.org/gitbook-plugin-splitter/-/gitbook-plugin-splitter-0.0.8.tgz",
      "integrity": "sha1-8rBRMGD8kma0awQYLk7KHUtx+vw="
    }
  }
}
