{
  "requires": true,
  "lockfileVersion": 1,
  "dependencies": {
    "gitbook-plugin-printlinks": {
      "version": "0.3.0",
      "resolved": "https://registry.npmjs.org/gitbook-plugin-printlinks/-/gitbook-plugin-printlinks-0.3.0.tgz",
      "integrity": "sha1-IF4t+LkcsIo1cEkx5XbUvYNtppA="
    }
  }
}
